// !$*UTF8*$!
{
	archiveVersion = 1;
	classes = {
	};
	objectVersion = 46;
	objects = {

/* Begin PBXBuildFile section */
		6964FA258D2DF01FE056A0AA /* RCPresentationWindowController.m in Sources */ = {isa = PBXBuildFile; fileRef = 6964F82E94E9A60FB8834AE8 /* RCPresentationWindowController.m */; };
		6964FA8C9E0FCB4701663CBC /* RCMainController.m in Sources */ = {isa = PBXBuildFile; fileRef = 6964FC2F582EA51EF11F51AF /* RCMainController.m */; };
		6964FAB57DF7F94AFA45183A /* RCProjectSerializer.m in Sources */ = {isa = PBXBuildFile; fileRef = 6964F3C7896A8493DC872D55 /* RCProjectSerializer.m */; };
		6964FB6897B49E6A8E5AB706 /* RCSlide.m in Sources */ = {isa = PBXBuildFile; fileRef = 6964F39CD8CA781BA19CE868 /* RCSlide.m */; };
		6964FBEB651EB4954CCFEEC3 /* RCExportOptions.m in Sources */ = {isa = PBXBuildFile; fileRef = 6964F173C0D9A1A778D27EA5 /* RCExportOptions.m */; };
		6964FD28D973CA91C93955AD /* MainMenu.xib in Resources */ = {isa = PBXBuildFile; fileRef = 6964F0A706808DAA649CFEC3 /* MainMenu.xib */; };
		6964FD907C8F50CC256967FC /* RCPresentationBuilder.m in Sources */ = {isa = PBXBuildFile; fileRef = 6964FA1BCA9FD68BAFEE3082 /* RCPresentationBuilder.m */; };
		6964FDB84C88422B0A84E110 /* NSColor+RCHexValue.m in Sources */ = {isa = PBXBuildFile; fileRef = 6964FB75F769609916DADB91 /* NSColor+RCHexValue.m */; };
		6964FDB919FE7DEF4D2BA288 /* RCExportWindowController.m in Sources */ = {isa = PBXBuildFile; fileRef = 6964FDAD778080AE47382286 /* RCExportWindowController.m */; };
		6964FF6FBA8022179439A095 /* RCSlideEditorViewController.m in Sources */ = {isa = PBXBuildFile; fileRef = 6964F9F126CDC8B4C46CBBC8 /* RCSlideEditorViewController.m */; };
		6964FFEC67E4C29FF6C6D02B /* RCProject.m in Sources */ = {isa = PBXBuildFile; fileRef = 6964FE76C00AEE43E82649C2 /* RCProject.m */; };
		801DB213EB8042B09F38ECC1 /* libPods.a in Frameworks */ = {isa = PBXBuildFile; fileRef = 2F2F4843875A4EED8F22BB0E /* libPods.a */; };
		D41997021958C50D00EA6DCB /* Cocoa.framework in Frameworks */ = {isa = PBXBuildFile; fileRef = D41997011958C50D00EA6DCB /* Cocoa.framework */; };
		D419970C1958C50D00EA6DCB /* InfoPlist.strings in Resources */ = {isa = PBXBuildFile; fileRef = D419970A1958C50D00EA6DCB /* InfoPlist.strings */; };
		D419970E1958C50D00EA6DCB /* main.m in Sources */ = {isa = PBXBuildFile; fileRef = D419970D1958C50D00EA6DCB /* main.m */; };
		D41997121958C50D00EA6DCB /* Credits.rtf in Resources */ = {isa = PBXBuildFile; fileRef = D41997101958C50D00EA6DCB /* Credits.rtf */; };
		D41997151958C50D00EA6DCB /* RCAppDelegate.m in Sources */ = {isa = PBXBuildFile; fileRef = D41997141958C50D00EA6DCB /* RCAppDelegate.m */; };
		D419971A1958C50D00EA6DCB /* Images.xcassets in Resources */ = {isa = PBXBuildFile; fileRef = D41997191958C50D00EA6DCB /* Images.xcassets */; };
		D41997211958C50D00EA6DCB /* XCTest.framework in Frameworks */ = {isa = PBXBuildFile; fileRef = D41997201958C50D00EA6DCB /* XCTest.framework */; };
		D41997221958C50D00EA6DCB /* Cocoa.framework in Frameworks */ = {isa = PBXBuildFile; fileRef = D41997011958C50D00EA6DCB /* Cocoa.framework */; };
		D419972A1958C50D00EA6DCB /* InfoPlist.strings in Resources */ = {isa = PBXBuildFile; fileRef = D41997281958C50D00EA6DCB /* InfoPlist.strings */; };
		D419972C1958C50D00EA6DCB /* raconteurTests.m in Sources */ = {isa = PBXBuildFile; fileRef = D419972B1958C50D00EA6DCB /* raconteurTests.m */; };
		D41997361958C62E00EA6DCB /* RCMainWindow.xib in Resources */ = {isa = PBXBuildFile; fileRef = D41997351958C62E00EA6DCB /* RCMainWindow.xib */; };
		D41B6A27195C904A00426F13 /* basic-template.html in Resources */ = {isa = PBXBuildFile; fileRef = 6964F0A3AFAACF2909DD7B14 /* basic-template.html */; };
		D41B6A29195CCBD800426F13 /* RCPresentationWindow.xib in Resources */ = {isa = PBXBuildFile; fileRef = D41B6A28195CCBD800426F13 /* RCPresentationWindow.xib */; };
		D41B6A2B195CD43900426F13 /* WebKit.framework in Frameworks */ = {isa = PBXBuildFile; fileRef = D41B6A2A195CD43900426F13 /* WebKit.framework */; };
		D48865ED195AFED00046DB4B /* RCSlideEditorView.xib in Resources */ = {isa = PBXBuildFile; fileRef = D48865EC195AFED00046DB4B /* RCSlideEditorView.xib */; };
		D4CF8C05195B770F00A132EE /* RCExportWindow.xib in Resources */ = {isa = PBXBuildFile; fileRef = D4CF8C04195B770F00A132EE /* RCExportWindow.xib */; };
/* End PBXBuildFile section */

/* Begin PBXContainerItemProxy section */
		D41997231958C50D00EA6DCB /* PBXContainerItemProxy */ = {
			isa = PBXContainerItemProxy;
			containerPortal = D41996F61958C50D00EA6DCB /* Project object */;
			proxyType = 1;
			remoteGlobalIDString = D41996FD1958C50D00EA6DCB;
			remoteInfo = raconteur;
		};
/* End PBXContainerItemProxy section */

/* Begin PBXFileReference section */
		2F2F4843875A4EED8F22BB0E /* libPods.a */ = {isa = PBXFileReference; explicitFileType = archive.ar; includeInIndex = 0; path = libPods.a; sourceTree = BUILT_PRODUCTS_DIR; };
		6964F059153C4F40DFE10C4A /* NSColor+RCHexValue.h */ = {isa = PBXFileReference; fileEncoding = 4; lastKnownFileType = sourcecode.c.h; path = "NSColor+RCHexValue.h"; sourceTree = "<group>"; };
		6964F0A3AFAACF2909DD7B14 /* basic-template.html */ = {isa = PBXFileReference; fileEncoding = 4; lastKnownFileType = text.html; path = "basic-template.html"; sourceTree = "<group>"; };
		6964F0CE662D6A2AC475B044 /* RCExportWindowController.h */ = {isa = PBXFileReference; fileEncoding = 4; lastKnownFileType = sourcecode.c.h; path = RCExportWindowController.h; sourceTree = "<group>"; };
		6964F164485CFF799B20E4F0 /* RCPresentationBuilder.h */ = {isa = PBXFileReference; fileEncoding = 4; lastKnownFileType = sourcecode.c.h; path = RCPresentationBuilder.h; sourceTree = "<group>"; };
		6964F173C0D9A1A778D27EA5 /* RCExportOptions.m */ = {isa = PBXFileReference; fileEncoding = 4; lastKnownFileType = sourcecode.c.objc; path = RCExportOptions.m; sourceTree = "<group>"; };
		6964F39CD8CA781BA19CE868 /* RCSlide.m */ = {isa = PBXFileReference; fileEncoding = 4; lastKnownFileType = sourcecode.c.objc; path = RCSlide.m; sourceTree = "<group>"; };
		6964F3C7896A8493DC872D55 /* RCProjectSerializer.m */ = {isa = PBXFileReference; fileEncoding = 4; lastKnownFileType = sourcecode.c.objc; path = RCProjectSerializer.m; sourceTree = "<group>"; };
		6964F4253EC6DA9182EE3BF5 /* RCMainController.h */ = {isa = PBXFileReference; fileEncoding = 4; lastKnownFileType = sourcecode.c.h; path = RCMainController.h; sourceTree = "<group>"; };
		6964F5F64CF8F30245DBDD07 /* RCPresentationWindowController.h */ = {isa = PBXFileReference; fileEncoding = 4; lastKnownFileType = sourcecode.c.h; path = RCPresentationWindowController.h; sourceTree = "<group>"; };
		6964F62EB54D507C0FC7F080 /* Base */ = {isa = PBXFileReference; lastKnownFileType = file.xib; name = Base; path = Base.lproj/MainMenu.xib; sourceTree = "<group>"; };
		6964F82E94E9A60FB8834AE8 /* RCPresentationWindowController.m */ = {isa = PBXFileReference; fileEncoding = 4; lastKnownFileType = sourcecode.c.objc; path = RCPresentationWindowController.m; sourceTree = "<group>"; };
		6964F902B2561974A461074F /* RCSlideEditorViewController.h */ = {isa = PBXFileReference; fileEncoding = 4; lastKnownFileType = sourcecode.c.h; path = RCSlideEditorViewController.h; sourceTree = "<group>"; };
		6964F9F126CDC8B4C46CBBC8 /* RCSlideEditorViewController.m */ = {isa = PBXFileReference; fileEncoding = 4; lastKnownFileType = sourcecode.c.objc; path = RCSlideEditorViewController.m; sourceTree = "<group>"; };
		6964FA1BCA9FD68BAFEE3082 /* RCPresentationBuilder.m */ = {isa = PBXFileReference; fileEncoding = 4; lastKnownFileType = sourcecode.c.objc; path = RCPresentationBuilder.m; sourceTree = "<group>"; };
		6964FA50C091833EC6CCC15F /* RCSlide.h */ = {isa = PBXFileReference; fileEncoding = 4; lastKnownFileType = sourcecode.c.h; path = RCSlide.h; sourceTree = "<group>"; };
		6964FB75F769609916DADB91 /* NSColor+RCHexValue.m */ = {isa = PBXFileReference; fileEncoding = 4; lastKnownFileType = sourcecode.c.objc; path = "NSColor+RCHexValue.m"; sourceTree = "<group>"; };
		6964FB798DC0F9CCF75BF269 /* RCProjectSerializer.h */ = {isa = PBXFileReference; fileEncoding = 4; lastKnownFileType = sourcecode.c.h; path = RCProjectSerializer.h; sourceTree = "<group>"; };
		6964FC2F582EA51EF11F51AF /* RCMainController.m */ = {isa = PBXFileReference; fileEncoding = 4; lastKnownFileType = sourcecode.c.objc; path = RCMainController.m; sourceTree = "<group>"; };
		6964FDAD778080AE47382286 /* RCExportWindowController.m */ = {isa = PBXFileReference; fileEncoding = 4; lastKnownFileType = sourcecode.c.objc; path = RCExportWindowController.m; sourceTree = "<group>"; };
		6964FE76C00AEE43E82649C2 /* RCProject.m */ = {isa = PBXFileReference; fileEncoding = 4; lastKnownFileType = sourcecode.c.objc; path = RCProject.m; sourceTree = "<group>"; };
		6964FE8F87102D43FF50080E /* RCExportOptions.h */ = {isa = PBXFileReference; fileEncoding = 4; lastKnownFileType = sourcecode.c.h; path = RCExportOptions.h; sourceTree = "<group>"; };
		6964FF569984A93ACE7A3707 /* RCProject.h */ = {isa = PBXFileReference; fileEncoding = 4; lastKnownFileType = sourcecode.c.h; path = RCProject.h; sourceTree = "<group>"; };
		CD570114AF254F93955998A7 /* Pods.xcconfig */ = {isa = PBXFileReference; includeInIndex = 1; lastKnownFileType = text.xcconfig; name = Pods.xcconfig; path = Pods/Pods.xcconfig; sourceTree = "<group>"; };
		D41996FE1958C50D00EA6DCB /* raconteur.app */ = {isa = PBXFileReference; explicitFileType = wrapper.application; includeInIndex = 0; path = raconteur.app; sourceTree = BUILT_PRODUCTS_DIR; };
		D41997011958C50D00EA6DCB /* Cocoa.framework */ = {isa = PBXFileReference; lastKnownFileType = wrapper.framework; name = Cocoa.framework; path = System/Library/Frameworks/Cocoa.framework; sourceTree = SDKROOT; };
		D41997041958C50D00EA6DCB /* AppKit.framework */ = {isa = PBXFileReference; lastKnownFileType = wrapper.framework; name = AppKit.framework; path = System/Library/Frameworks/AppKit.framework; sourceTree = SDKROOT; };
		D41997051958C50D00EA6DCB /* CoreData.framework */ = {isa = PBXFileReference; lastKnownFileType = wrapper.framework; name = CoreData.framework; path = System/Library/Frameworks/CoreData.framework; sourceTree = SDKROOT; };
		D41997061958C50D00EA6DCB /* Foundation.framework */ = {isa = PBXFileReference; lastKnownFileType = wrapper.framework; name = Foundation.framework; path = System/Library/Frameworks/Foundation.framework; sourceTree = SDKROOT; };
		D41997091958C50D00EA6DCB /* raconteur-Info.plist */ = {isa = PBXFileReference; lastKnownFileType = text.plist.xml; path = "raconteur-Info.plist"; sourceTree = "<group>"; };
		D419970B1958C50D00EA6DCB /* en */ = {isa = PBXFileReference; lastKnownFileType = text.plist.strings; name = en; path = en.lproj/InfoPlist.strings; sourceTree = "<group>"; };
		D419970D1958C50D00EA6DCB /* main.m */ = {isa = PBXFileReference; lastKnownFileType = sourcecode.c.objc; path = main.m; sourceTree = "<group>"; };
		D419970F1958C50D00EA6DCB /* raconteur-Prefix.pch */ = {isa = PBXFileReference; lastKnownFileType = sourcecode.c.h; path = "raconteur-Prefix.pch"; sourceTree = "<group>"; };
		D41997111958C50D00EA6DCB /* en */ = {isa = PBXFileReference; lastKnownFileType = text.rtf; name = en; path = en.lproj/Credits.rtf; sourceTree = "<group>"; };
		D41997131958C50D00EA6DCB /* RCAppDelegate.h */ = {isa = PBXFileReference; lastKnownFileType = sourcecode.c.h; path = RCAppDelegate.h; sourceTree = "<group>"; };
		D41997141958C50D00EA6DCB /* RCAppDelegate.m */ = {isa = PBXFileReference; lastKnownFileType = sourcecode.c.objc; path = RCAppDelegate.m; sourceTree = "<group>"; };
		D41997191958C50D00EA6DCB /* Images.xcassets */ = {isa = PBXFileReference; lastKnownFileType = folder.assetcatalog; path = Images.xcassets; sourceTree = "<group>"; };
		D419971F1958C50D00EA6DCB /* raconteurTests.xctest */ = {isa = PBXFileReference; explicitFileType = wrapper.cfbundle; includeInIndex = 0; path = raconteurTests.xctest; sourceTree = BUILT_PRODUCTS_DIR; };
		D41997201958C50D00EA6DCB /* XCTest.framework */ = {isa = PBXFileReference; lastKnownFileType = wrapper.framework; name = XCTest.framework; path = Library/Frameworks/XCTest.framework; sourceTree = DEVELOPER_DIR; };
		D41997271958C50D00EA6DCB /* raconteurTests-Info.plist */ = {isa = PBXFileReference; lastKnownFileType = text.plist.xml; path = "raconteurTests-Info.plist"; sourceTree = "<group>"; };
		D41997291958C50D00EA6DCB /* en */ = {isa = PBXFileReference; lastKnownFileType = text.plist.strings; name = en; path = en.lproj/InfoPlist.strings; sourceTree = "<group>"; };
		D419972B1958C50D00EA6DCB /* raconteurTests.m */ = {isa = PBXFileReference; lastKnownFileType = sourcecode.c.objc; path = raconteurTests.m; sourceTree = "<group>"; };
		D41997351958C62E00EA6DCB /* RCMainWindow.xib */ = {isa = PBXFileReference; fileEncoding = 4; lastKnownFileType = file.xib; path = RCMainWindow.xib; sourceTree = "<group>"; };
		D41B6A28195CCBD800426F13 /* RCPresentationWindow.xib */ = {isa = PBXFileReference; fileEncoding = 4; lastKnownFileType = file.xib; path = RCPresentationWindow.xib; sourceTree = "<group>"; };
		D41B6A2A195CD43900426F13 /* WebKit.framework */ = {isa = PBXFileReference; lastKnownFileType = wrapper.framework; name = WebKit.framework; path = System/Library/Frameworks/WebKit.framework; sourceTree = SDKROOT; };
		D48865EC195AFED00046DB4B /* RCSlideEditorView.xib */ = {isa = PBXFileReference; fileEncoding = 4; lastKnownFileType = file.xib; path = RCSlideEditorView.xib; sourceTree = "<group>"; };
		D4CF8C04195B770F00A132EE /* RCExportWindow.xib */ = {isa = PBXFileReference; fileEncoding = 4; lastKnownFileType = file.xib; path = RCExportWindow.xib; sourceTree = "<group>"; };
/* End PBXFileReference section */

/* Begin PBXFrameworksBuildPhase section */
		D41996FB1958C50D00EA6DCB /* Frameworks */ = {
			isa = PBXFrameworksBuildPhase;
			buildActionMask = 2147483647;
			files = (
				D41B6A2B195CD43900426F13 /* WebKit.framework in Frameworks */,
				D41997021958C50D00EA6DCB /* Cocoa.framework in Frameworks */,
				801DB213EB8042B09F38ECC1 /* libPods.a in Frameworks */,
			);
			runOnlyForDeploymentPostprocessing = 0;
		};
		D419971C1958C50D00EA6DCB /* Frameworks */ = {
			isa = PBXFrameworksBuildPhase;
			buildActionMask = 2147483647;
			files = (
				D41997221958C50D00EA6DCB /* Cocoa.framework in Frameworks */,
				D41997211958C50D00EA6DCB /* XCTest.framework in Frameworks */,
			);
			runOnlyForDeploymentPostprocessing = 0;
		};
/* End PBXFrameworksBuildPhase section */

/* Begin PBXGroup section */
		6964F5611BD413862E1AD8E5 /* Categories */ = {
			isa = PBXGroup;
			children = (
				6964FB75F769609916DADB91 /* NSColor+RCHexValue.m */,
				6964F059153C4F40DFE10C4A /* NSColor+RCHexValue.h */,
			);
			name = Categories;
			sourceTree = "<group>";
		};
		6964F6BB20AC58AA5FDBB761 /* Resources */ = {
			isa = PBXGroup;
			children = (
				6964F0A706808DAA649CFEC3 /* MainMenu.xib */,
				D41997351958C62E00EA6DCB /* RCMainWindow.xib */,
				D48865EC195AFED00046DB4B /* RCSlideEditorView.xib */,
				D4CF8C04195B770F00A132EE /* RCExportWindow.xib */,
				D41B6A28195CCBD800426F13 /* RCPresentationWindow.xib */,
			);
			name = Resources;
			sourceTree = "<group>";
		};
		6964F82F7208DDC54F5543AB /* Lib */ = {
			isa = PBXGroup;
			children = (
				6964F3C7896A8493DC872D55 /* RCProjectSerializer.m */,
				6964FB798DC0F9CCF75BF269 /* RCProjectSerializer.h */,
				6964FA1BCA9FD68BAFEE3082 /* RCPresentationBuilder.m */,
				6964F164485CFF799B20E4F0 /* RCPresentationBuilder.h */,
			);
			name = Lib;
			sourceTree = "<group>";
		};
		6964F8401979B225B088A8DA /* Models */ = {
			isa = PBXGroup;
			children = (
				6964FE76C00AEE43E82649C2 /* RCProject.m */,
				6964FF569984A93ACE7A3707 /* RCProject.h */,
				6964F39CD8CA781BA19CE868 /* RCSlide.m */,
				6964FA50C091833EC6CCC15F /* RCSlide.h */,
				6964F173C0D9A1A778D27EA5 /* RCExportOptions.m */,
				6964FE8F87102D43FF50080E /* RCExportOptions.h */,
			);
			name = Models;
			sourceTree = "<group>";
		};
		6964FAE17AD8F87AA4F189C9 /* Templates */ = {
			isa = PBXGroup;
			children = (
				6964F0A3AFAACF2909DD7B14 /* basic-template.html */,
			);
			name = Templates;
			sourceTree = "<group>";
		};
		6964FEFA0A21D1C8BFF0263C /* Controllers */ = {
			isa = PBXGroup;
			children = (
				6964FC2F582EA51EF11F51AF /* RCMainController.m */,
				6964F4253EC6DA9182EE3BF5 /* RCMainController.h */,
				6964F9F126CDC8B4C46CBBC8 /* RCSlideEditorViewController.m */,
				6964F902B2561974A461074F /* RCSlideEditorViewController.h */,
				6964F0CE662D6A2AC475B044 /* RCExportWindowController.h */,
				6964FDAD778080AE47382286 /* RCExportWindowController.m */,
				6964F82E94E9A60FB8834AE8 /* RCPresentationWindowController.m */,
				6964F5F64CF8F30245DBDD07 /* RCPresentationWindowController.h */,
			);
			name = Controllers;
			sourceTree = "<group>";
		};
		D41996F51958C50D00EA6DCB = {
			isa = PBXGroup;
			children = (
				D41997071958C50D00EA6DCB /* raconteur */,
				D41997251958C50D00EA6DCB /* raconteurTests */,
				D41997001958C50D00EA6DCB /* Frameworks */,
				D41996FF1958C50D00EA6DCB /* Products */,
				CD570114AF254F93955998A7 /* Pods.xcconfig */,
			);
			sourceTree = "<group>";
		};
		D41996FF1958C50D00EA6DCB /* Products */ = {
			isa = PBXGroup;
			children = (
				D41996FE1958C50D00EA6DCB /* raconteur.app */,
				D419971F1958C50D00EA6DCB /* raconteurTests.xctest */,
			);
			name = Products;
			sourceTree = "<group>";
		};
		D41997001958C50D00EA6DCB /* Frameworks */ = {
			isa = PBXGroup;
			children = (
				D41B6A2A195CD43900426F13 /* WebKit.framework */,
				D41997011958C50D00EA6DCB /* Cocoa.framework */,
				D41997201958C50D00EA6DCB /* XCTest.framework */,
				D41997031958C50D00EA6DCB /* Other Frameworks */,
				2F2F4843875A4EED8F22BB0E /* libPods.a */,
			);
			name = Frameworks;
			sourceTree = "<group>";
		};
		D41997031958C50D00EA6DCB /* Other Frameworks */ = {
			isa = PBXGroup;
			children = (
				D41997041958C50D00EA6DCB /* AppKit.framework */,
				D41997051958C50D00EA6DCB /* CoreData.framework */,
				D41997061958C50D00EA6DCB /* Foundation.framework */,
			);
			name = "Other Frameworks";
			sourceTree = "<group>";
		};
		D41997071958C50D00EA6DCB /* raconteur */ = {
			isa = PBXGroup;
			children = (
				D41997131958C50D00EA6DCB /* RCAppDelegate.h */,
				D41997141958C50D00EA6DCB /* RCAppDelegate.m */,
				D41997191958C50D00EA6DCB /* Images.xcassets */,
				D41997081958C50D00EA6DCB /* Supporting Files */,
				6964FEFA0A21D1C8BFF0263C /* Controllers */,
				6964F6BB20AC58AA5FDBB761 /* Resources */,
				6964F8401979B225B088A8DA /* Models */,
				6964F82F7208DDC54F5543AB /* Lib */,
				6964FAE17AD8F87AA4F189C9 /* Templates */,
				6964F5611BD413862E1AD8E5 /* Categories */,
			);
			path = raconteur;
			sourceTree = "<group>";
		};
		D41997081958C50D00EA6DCB /* Supporting Files */ = {
			isa = PBXGroup;
			children = (
				D41997091958C50D00EA6DCB /* raconteur-Info.plist */,
				D419970A1958C50D00EA6DCB /* InfoPlist.strings */,
				D419970D1958C50D00EA6DCB /* main.m */,
				D419970F1958C50D00EA6DCB /* raconteur-Prefix.pch */,
				D41997101958C50D00EA6DCB /* Credits.rtf */,
			);
			name = "Supporting Files";
			sourceTree = "<group>";
		};
		D41997251958C50D00EA6DCB /* raconteurTests */ = {
			isa = PBXGroup;
			children = (
				D419972B1958C50D00EA6DCB /* raconteurTests.m */,
				D41997261958C50D00EA6DCB /* Supporting Files */,
			);
			path = raconteurTests;
			sourceTree = "<group>";
		};
		D41997261958C50D00EA6DCB /* Supporting Files */ = {
			isa = PBXGroup;
			children = (
				D41997271958C50D00EA6DCB /* raconteurTests-Info.plist */,
				D41997281958C50D00EA6DCB /* InfoPlist.strings */,
			);
			name = "Supporting Files";
			sourceTree = "<group>";
		};
/* End PBXGroup section */

/* Begin PBXNativeTarget section */
		D41996FD1958C50D00EA6DCB /* raconteur */ = {
			isa = PBXNativeTarget;
			buildConfigurationList = D419972F1958C50D00EA6DCB /* Build configuration list for PBXNativeTarget "raconteur" */;
			buildPhases = (
				4B2B39D91DE743AFBE28B55B /* Check Pods Manifest.lock */,
				D41996FA1958C50D00EA6DCB /* Sources */,
				D41996FB1958C50D00EA6DCB /* Frameworks */,
				D41996FC1958C50D00EA6DCB /* Resources */,
				B3A937884181409AB442058B /* Copy Pods Resources */,
			);
			buildRules = (
			);
			dependencies = (
			);
			name = raconteur;
			productName = raconteur;
			productReference = D41996FE1958C50D00EA6DCB /* raconteur.app */;
			productType = "com.apple.product-type.application";
		};
		D419971E1958C50D00EA6DCB /* raconteurTests */ = {
			isa = PBXNativeTarget;
			buildConfigurationList = D41997321958C50D00EA6DCB /* Build configuration list for PBXNativeTarget "raconteurTests" */;
			buildPhases = (
				D419971B1958C50D00EA6DCB /* Sources */,
				D419971C1958C50D00EA6DCB /* Frameworks */,
				D419971D1958C50D00EA6DCB /* Resources */,
			);
			buildRules = (
			);
			dependencies = (
				D41997241958C50D00EA6DCB /* PBXTargetDependency */,
			);
			name = raconteurTests;
			productName = raconteurTests;
			productReference = D419971F1958C50D00EA6DCB /* raconteurTests.xctest */;
			productType = "com.apple.product-type.bundle.unit-test";
		};
/* End PBXNativeTarget section */

/* Begin PBXProject section */
		D41996F61958C50D00EA6DCB /* Project object */ = {
			isa = PBXProject;
			attributes = {
				CLASSPREFIX = RC;
				LastUpgradeCheck = 0510;
				ORGANIZATIONNAME = schultyy;
				TargetAttributes = {
					D419971E1958C50D00EA6DCB = {
						TestTargetID = D41996FD1958C50D00EA6DCB;
					};
				};
			};
			buildConfigurationList = D41996F91958C50D00EA6DCB /* Build configuration list for PBXProject "raconteur" */;
			compatibilityVersion = "Xcode 3.2";
			developmentRegion = English;
			hasScannedForEncodings = 0;
			knownRegions = (
				en,
				Base,
			);
			mainGroup = D41996F51958C50D00EA6DCB;
			productRefGroup = D41996FF1958C50D00EA6DCB /* Products */;
			projectDirPath = "";
			projectRoot = "";
			targets = (
				D41996FD1958C50D00EA6DCB /* raconteur */,
				D419971E1958C50D00EA6DCB /* raconteurTests */,
			);
		};
/* End PBXProject section */

/* Begin PBXResourcesBuildPhase section */
		D41996FC1958C50D00EA6DCB /* Resources */ = {
			isa = PBXResourcesBuildPhase;
			buildActionMask = 2147483647;
			files = (
				D41B6A27195C904A00426F13 /* basic-template.html in Resources */,
				D419970C1958C50D00EA6DCB /* InfoPlist.strings in Resources */,
				D41B6A29195CCBD800426F13 /* RCPresentationWindow.xib in Resources */,
				D419971A1958C50D00EA6DCB /* Images.xcassets in Resources */,
				D4CF8C05195B770F00A132EE /* RCExportWindow.xib in Resources */,
				D41997121958C50D00EA6DCB /* Credits.rtf in Resources */,
				6964FD28D973CA91C93955AD /* MainMenu.xib in Resources */,
				D48865ED195AFED00046DB4B /* RCSlideEditorView.xib in Resources */,
				D41997361958C62E00EA6DCB /* RCMainWindow.xib in Resources */,
			);
			runOnlyForDeploymentPostprocessing = 0;
		};
		D419971D1958C50D00EA6DCB /* Resources */ = {
			isa = PBXResourcesBuildPhase;
			buildActionMask = 2147483647;
			files = (
				D419972A1958C50D00EA6DCB /* InfoPlist.strings in Resources */,
			);
			runOnlyForDeploymentPostprocessing = 0;
		};
/* End PBXResourcesBuildPhase section */

/* Begin PBXShellScriptBuildPhase section */
		4B2B39D91DE743AFBE28B55B /* Check Pods Manifest.lock */ = {
			isa = PBXShellScriptBuildPhase;
			buildActionMask = 2147483647;
			files = (
			);
			inputPaths = (
			);
			name = "Check Pods Manifest.lock";
			outputPaths = (
			);
			runOnlyForDeploymentPostprocessing = 0;
			shellPath = /bin/sh;
			shellScript = "diff \"${PODS_ROOT}/../Podfile.lock\" \"${PODS_ROOT}/Manifest.lock\" > /dev/null\nif [[ $? != 0 ]] ; then\n    cat << EOM\nerror: The sandbox is not in sync with the Podfile.lock. Run 'pod install' or update your CocoaPods installation.\nEOM\n    exit 1\nfi\n";
			showEnvVarsInLog = 0;
		};
		B3A937884181409AB442058B /* Copy Pods Resources */ = {
			isa = PBXShellScriptBuildPhase;
			buildActionMask = 2147483647;
			files = (
			);
			inputPaths = (
			);
			name = "Copy Pods Resources";
			outputPaths = (
			);
			runOnlyForDeploymentPostprocessing = 0;
			shellPath = /bin/sh;
			shellScript = "\"${SRCROOT}/Pods/Pods-resources.sh\"\n";
			showEnvVarsInLog = 0;
		};
/* End PBXShellScriptBuildPhase section */

/* Begin PBXSourcesBuildPhase section */
		D41996FA1958C50D00EA6DCB /* Sources */ = {
			isa = PBXSourcesBuildPhase;
			buildActionMask = 2147483647;
			files = (
				D419970E1958C50D00EA6DCB /* main.m in Sources */,
				D41997151958C50D00EA6DCB /* RCAppDelegate.m in Sources */,
				6964FA8C9E0FCB4701663CBC /* RCMainController.m in Sources */,
				6964FFEC67E4C29FF6C6D02B /* RCProject.m in Sources */,
				6964FB6897B49E6A8E5AB706 /* RCSlide.m in Sources */,
				6964FF6FBA8022179439A095 /* RCSlideEditorViewController.m in Sources */,
				6964FAB57DF7F94AFA45183A /* RCProjectSerializer.m in Sources */,
				6964FD907C8F50CC256967FC /* RCPresentationBuilder.m in Sources */,
				6964FDB919FE7DEF4D2BA288 /* RCExportWindowController.m in Sources */,
				6964FBEB651EB4954CCFEEC3 /* RCExportOptions.m in Sources */,
				6964FDB84C88422B0A84E110 /* NSColor+RCHexValue.m in Sources */,
				6964FA258D2DF01FE056A0AA /* RCPresentationWindowController.m in Sources */,
			);
			runOnlyForDeploymentPostprocessing = 0;
		};
		D419971B1958C50D00EA6DCB /* Sources */ = {
			isa = PBXSourcesBuildPhase;
			buildActionMask = 2147483647;
			files = (
				D419972C1958C50D00EA6DCB /* raconteurTests.m in Sources */,
			);
			runOnlyForDeploymentPostprocessing = 0;
		};
/* End PBXSourcesBuildPhase section */

/* Begin PBXTargetDependency section */
		D41997241958C50D00EA6DCB /* PBXTargetDependency */ = {
			isa = PBXTargetDependency;
			target = D41996FD1958C50D00EA6DCB /* raconteur */;
			targetProxy = D41997231958C50D00EA6DCB /* PBXContainerItemProxy */;
		};
/* End PBXTargetDependency section */

/* Begin PBXVariantGroup section */
		6964F0A706808DAA649CFEC3 /* MainMenu.xib */ = {
			isa = PBXVariantGroup;
			children = (
				6964F62EB54D507C0FC7F080 /* Base */,
			);
			name = MainMenu.xib;
			sourceTree = "<group>";
		};
		D419970A1958C50D00EA6DCB /* InfoPlist.strings */ = {
			isa = PBXVariantGroup;
			children = (
				D419970B1958C50D00EA6DCB /* en */,
			);
			name = InfoPlist.strings;
			sourceTree = "<group>";
		};
		D41997101958C50D00EA6DCB /* Credits.rtf */ = {
			isa = PBXVariantGroup;
			children = (
				D41997111958C50D00EA6DCB /* en */,
			);
			name = Credits.rtf;
			sourceTree = "<group>";
		};
		D41997281958C50D00EA6DCB /* InfoPlist.strings */ = {
			isa = PBXVariantGroup;
			children = (
				D41997291958C50D00EA6DCB /* en */,
			);
			name = InfoPlist.strings;
			sourceTree = "<group>";
		};
/* End PBXVariantGroup section */

/* Begin XCBuildConfiguration section */
		D419972D1958C50D00EA6DCB /* Debug */ = {
			isa = XCBuildConfiguration;
			buildSettings = {
				ALWAYS_SEARCH_USER_PATHS = NO;
				CLANG_CXX_LANGUAGE_STANDARD = "gnu++0x";
				CLANG_CXX_LIBRARY = "libc++";
				CLANG_ENABLE_MODULES = YES;
				CLANG_ENABLE_OBJC_ARC = YES;
				CLANG_WARN_BOOL_CONVERSION = YES;
				CLANG_WARN_CONSTANT_CONVERSION = YES;
				CLANG_WARN_DIRECT_OBJC_ISA_USAGE = YES_ERROR;
				CLANG_WARN_EMPTY_BODY = YES;
				CLANG_WARN_ENUM_CONVERSION = YES;
				CLANG_WARN_INT_CONVERSION = YES;
				CLANG_WARN_OBJC_ROOT_CLASS = YES_ERROR;
				CLANG_WARN__DUPLICATE_METHOD_MATCH = YES;
				COPY_PHASE_STRIP = NO;
				GCC_C_LANGUAGE_STANDARD = gnu99;
				GCC_DYNAMIC_NO_PIC = NO;
				GCC_ENABLE_OBJC_EXCEPTIONS = YES;
				GCC_OPTIMIZATION_LEVEL = 0;
				GCC_PREPROCESSOR_DEFINITIONS = (
					"DEBUG=1",
					"$(inherited)",
				);
				GCC_SYMBOLS_PRIVATE_EXTERN = NO;
				GCC_WARN_64_TO_32_BIT_CONVERSION = YES;
				GCC_WARN_ABOUT_RETURN_TYPE = YES_ERROR;
				GCC_WARN_UNDECLARED_SELECTOR = YES;
				GCC_WARN_UNINITIALIZED_AUTOS = YES_AGGRESSIVE;
				GCC_WARN_UNUSED_FUNCTION = YES;
				GCC_WARN_UNUSED_VARIABLE = YES;
				MACOSX_DEPLOYMENT_TARGET = 10.9;
				ONLY_ACTIVE_ARCH = YES;
				SDKROOT = macosx;
			};
			name = Debug;
		};
		D419972E1958C50D00EA6DCB /* Release */ = {
			isa = XCBuildConfiguration;
			buildSettings = {
				ALWAYS_SEARCH_USER_PATHS = NO;
				CLANG_CXX_LANGUAGE_STANDARD = "gnu++0x";
				CLANG_CXX_LIBRARY = "libc++";
				CLANG_ENABLE_MODULES = YES;
				CLANG_ENABLE_OBJC_ARC = YES;
				CLANG_WARN_BOOL_CONVERSION = YES;
				CLANG_WARN_CONSTANT_CONVERSION = YES;
				CLANG_WARN_DIRECT_OBJC_ISA_USAGE = YES_ERROR;
				CLANG_WARN_EMPTY_BODY = YES;
				CLANG_WARN_ENUM_CONVERSION = YES;
				CLANG_WARN_INT_CONVERSION = YES;
				CLANG_WARN_OBJC_ROOT_CLASS = YES_ERROR;
				CLANG_WARN__DUPLICATE_METHOD_MATCH = YES;
				COPY_PHASE_STRIP = YES;
				DEBUG_INFORMATION_FORMAT = "dwarf-with-dsym";
				ENABLE_NS_ASSERTIONS = NO;
				GCC_C_LANGUAGE_STANDARD = gnu99;
				GCC_ENABLE_OBJC_EXCEPTIONS = YES;
				GCC_WARN_64_TO_32_BIT_CONVERSION = YES;
				GCC_WARN_ABOUT_RETURN_TYPE = YES_ERROR;
				GCC_WARN_UNDECLARED_SELECTOR = YES;
				GCC_WARN_UNINITIALIZED_AUTOS = YES_AGGRESSIVE;
				GCC_WARN_UNUSED_FUNCTION = YES;
				GCC_WARN_UNUSED_VARIABLE = YES;
				MACOSX_DEPLOYMENT_TARGET = 10.9;
				SDKROOT = macosx;
			};
			name = Release;
		};
		D41997301958C50D00EA6DCB /* Debug */ = {
			isa = XCBuildConfiguration;
			baseConfigurationReference = CD570114AF254F93955998A7 /* Pods.xcconfig */;
			buildSettings = {
				ASSETCATALOG_COMPILER_APPICON_NAME = AppIcon;
				COMBINE_HIDPI_IMAGES = YES;
				GCC_PRECOMPILE_PREFIX_HEADER = YES;
				GCC_PREFIX_HEADER = "raconteur/raconteur-Prefix.pch";
				INFOPLIST_FILE = "raconteur/raconteur-Info.plist";
				PRODUCT_NAME = "$(TARGET_NAME)";
				USER_HEADER_SEARCH_PATHS = "\"${PROJECT_DIR}/Pods\"/**";
				WRAPPER_EXTENSION = app;
			};
			name = Debug;
		};
		D41997311958C50D00EA6DCB /* Release */ = {
			isa = XCBuildConfiguration;
			baseConfigurationReference = CD570114AF254F93955998A7 /* Pods.xcconfig */;
			buildSettings = {
				ASSETCATALOG_COMPILER_APPICON_NAME = AppIcon;
				COMBINE_HIDPI_IMAGES = YES;
				GCC_PRECOMPILE_PREFIX_HEADER = YES;
				GCC_PREFIX_HEADER = "raconteur/raconteur-Prefix.pch";
				INFOPLIST_FILE = "raconteur/raconteur-Info.plist";
				PRODUCT_NAME = "$(TARGET_NAME)";
				USER_HEADER_SEARCH_PATHS = "\"${PROJECT_DIR}/Pods\"/**";
				WRAPPER_EXTENSION = app;
			};
			name = Release;
		};
		D41997331958C50D00EA6DCB /* Debug */ = {
			isa = XCBuildConfiguration;
			buildSettings = {
				BUNDLE_LOADER = "$(BUILT_PRODUCTS_DIR)/raconteur.app/Contents/MacOS/raconteur";
				COMBINE_HIDPI_IMAGES = YES;
				FRAMEWORK_SEARCH_PATHS = (
					"$(DEVELOPER_FRAMEWORKS_DIR)",
					"$(inherited)",
				);
				GCC_PRECOMPILE_PREFIX_HEADER = YES;
				GCC_PREFIX_HEADER = "raconteur/raconteur-Prefix.pch";
				GCC_PREPROCESSOR_DEFINITIONS = (
					"DEBUG=1",
					"$(inherited)",
				);
				INFOPLIST_FILE = "raconteurTests/raconteurTests-Info.plist";
				PRODUCT_NAME = "$(TARGET_NAME)";
				TEST_HOST = "$(BUNDLE_LOADER)";
				WRAPPER_EXTENSION = xctest;
			};
			name = Debug;
		};
		D41997341958C50D00EA6DCB /* Release */ = {
			isa = XCBuildConfiguration;
			buildSettings = {
				BUNDLE_LOADER = "$(BUILT_PRODUCTS_DIR)/raconteur.app/Contents/MacOS/raconteur";
				COMBINE_HIDPI_IMAGES = YES;
				FRAMEWORK_SEARCH_PATHS = (
					"$(DEVELOPER_FRAMEWORKS_DIR)",
					"$(inherited)",
				);
				GCC_PRECOMPILE_PREFIX_HEADER = YES;
				GCC_PREFIX_HEADER = "raconteur/raconteur-Prefix.pch";
				INFOPLIST_FILE = "raconteurTests/raconteurTests-Info.plist";
				PRODUCT_NAME = "$(TARGET_NAME)";
				TEST_HOST = "$(BUNDLE_LOADER)";
				WRAPPER_EXTENSION = xctest;
			};
			name = Release;
		};
/* End XCBuildConfiguration section */

/* Begin XCConfigurationList section */
		D41996F91958C50D00EA6DCB /* Build configuration list for PBXProject "raconteur" */ = {
			isa = XCConfigurationList;
			buildConfigurations = (
				D419972D1958C50D00EA6DCB /* Debug */,
				D419972E1958C50D00EA6DCB /* Release */,
			);
			defaultConfigurationIsVisible = 0;
			defaultConfigurationName = Release;
		};
		D419972F1958C50D00EA6DCB /* Build configuration list for PBXNativeTarget "raconteur" */ = {
			isa = XCConfigurationList;
			buildConfigurations = (
				D41997301958C50D00EA6DCB /* Debug */,
				D41997311958C50D00EA6DCB /* Release */,
			);
			defaultConfigurationIsVisible = 0;
			defaultConfigurationName = Release;
		};
		D41997321958C50D00EA6DCB /* Build configuration list for PBXNativeTarget "raconteurTests" */ = {
			isa = XCConfigurationList;
			buildConfigurations = (
				D41997331958C50D00EA6DCB /* Debug */,
				D41997341958C50D00EA6DCB /* Release */,
			);
			defaultConfigurationIsVisible = 0;
			defaultConfigurationName = Release;
		};
/* End XCConfigurationList section */
	};
	rootObject = D41996F61958C50D00EA6DCB /* Project object */;
}
